{
  "version": 4,
  "terraform_version": "0.13.6",
  "serial": 48,
  "lineage": "b3af67e3-5a2d-7ebf-95b3-89ea4e43a694",
  "outputs": {
    "apiserver_instance": {
      "value": [
        "i-030caf56c3d9aef70",
        "i-0e47f6aae6243d2ae"
      ],
      "type": [
        "tuple",
        [
          "string",
          "string"
        ]
      ]
    },
    "autoscaling_group": {
      "value": {
        "autoscaling_ID": "terraform-launch_config20210428172333809100000001-asg",
        "autoscaling_avaliablity_zones": [
          [
            "us-east-2a",
            "us-east-2b"
          ]
        ]
      },
      "type": [
        "object",
        {
          "autoscaling_ID": "string",
          "autoscaling_avaliablity_zones": [
            "tuple",
            [
              [
                "set",
                "string"
              ]
            ]
          ]
        }
      ]
    },
    "autoscaling_policy": {
      "value": {
        "autoscaling_policy_group_name-DOWN": "terraform-launch_config20210428172333809100000001-asg",
        "autoscaling_policy_group_name-UP": "terraform-launch_config20210428172333809100000001-asg",
        "autoscaling_policy_name-DOWN": "webapp_down_policy",
        "autoscaling_policy_name-UP": "webapp_up_policy"
      },
      "type": [
        "object",
        {
          "autoscaling_policy_group_name-DOWN": "string",
          "autoscaling_policy_group_name-UP": "string",
          "autoscaling_policy_name-DOWN": "string",
          "autoscaling_policy_name-UP": "string"
        }
      ]
    },
    "cloudwatch_metric_watch": {
      "value": {
        "cloudwatch-DOWN-alarm": "Alarm to monitor down scaling",
        "cloudwatch-UP-alarm": "Alarm to monitor up scaling"
      },
      "type": [
        "object",
        {
          "cloudwatch-DOWN-alarm": "string",
          "cloudwatch-UP-alarm": "string"
        }
      ]
    },
    "db_subnet_grp": {
      "value": "db_subnet_group",
      "type": "string"
    },
    "dmz": {
      "value": [
        "subnet-0dee29d96ca65261c",
        "subnet-056f9ca8dcb9007b7"
      ],
      "type": [
        "tuple",
        [
          "string",
          "string"
        ]
      ]
    },
    "eip": {
      "value": {
        "nat_gate_eip": [
          "eipalloc-08e795cbd02bbf634",
          "eipalloc-09e15493679411304"
        ]
      },
      "type": [
        "object",
        {
          "nat_gate_eip": [
            "tuple",
            [
              "string",
              "string"
            ]
          ]
        }
      ]
    },
    "elb": {
      "value": {
        "elb-dns_name": "web-elb-1412438912.us-east-2.elb.amazonaws.com",
        "elb-id": "web-elb",
        "elb-list_of_instances": [],
        "elb-name": "web-elb"
      },
      "type": [
        "object",
        {
          "elb-dns_name": "string",
          "elb-id": "string",
          "elb-list_of_instances": [
            "set",
            "string"
          ],
          "elb-name": "string"
        }
      ]
    },
    "elb_ids": {
      "value": [
        "web-elb"
      ],
      "type": [
        "tuple",
        [
          "string"
        ]
      ]
    },
    "internet_gateway": {
      "value": {
        "internet_gateway-id": "igw-0018646ec7578e557"
      },
      "type": [
        "object",
        {
          "internet_gateway-id": "string"
        }
      ]
    },
    "masterDB_instance_id": {
      "value": [
        "master-db-in-us-east-2a"
      ],
      "type": [
        "tuple",
        [
          "string"
        ]
      ]
    },
    "masterDB_instance_name": {
      "value": [
        ""
      ],
      "type": [
        "tuple",
        [
          "string"
        ]
      ]
    },
    "nat_gateway": {
      "value": [
        "nat-01c45f9cee0bc5e19",
        "nat-04342ffb7455e8f43"
      ],
      "type": [
        "tuple",
        [
          "string",
          "string"
        ]
      ]
    },
    "private_subnet_cidr_block_1": {
      "value": [
        "subnet-08ede9d0c5b3bde72",
        "subnet-08b5dd1e34beae261"
      ],
      "type": [
        "tuple",
        [
          "string",
          "string"
        ]
      ]
    },
    "private_subnet_cidr_block_2": {
      "value": [
        "subnet-01060e999a4403534",
        "subnet-0f5b23ca9a3ade5dc"
      ],
      "type": [
        "tuple",
        [
          "string",
          "string"
        ]
      ]
    },
    "public_subnet": {
      "value": [
        "subnet-0aa75aa8360ef59d9",
        "subnet-0dfaeca3e37f545a9"
      ],
      "type": [
        "tuple",
        [
          "string",
          "string"
        ]
      ]
    },
    "route_table": {
      "value": {
        "dmz_to_igw": [
          "rtbassoc-0439504e25abc0e55",
          "rtbassoc-041282e37680c9241"
        ],
        "privsub1_to_natgw": [
          "rtb-0bc624771f8b839f2",
          "rtb-08e279a36a402e2ed"
        ],
        "privsub2_to_natgw": [
          "rtb-0af8e6730e0132133",
          "rtb-08f1ae1bfd6f29dc7"
        ],
        "route_outside": "rtb-0100b9f2aad8e6c77"
      },
      "type": [
        "object",
        {
          "dmz_to_igw": [
            "tuple",
            [
              "string",
              "string"
            ]
          ],
          "privsub1_to_natgw": [
            "tuple",
            [
              "string",
              "string"
            ]
          ],
          "privsub2_to_natgw": [
            "tuple",
            [
              "string",
              "string"
            ]
          ],
          "route_outside": "string"
        }
      ]
    },
    "security_group": {
      "value": {
        "load_balancer_security_group": "sg-0557ace817c28fe8b",
        "private_subnet_1_security_group": "sg-0aa4855fedf640b3a",
        "private_subnet_2_security_group": "sg-03185033667d11634",
        "web_app_security_group": "sg-0a33b9b9dffbc16a0"
      },
      "type": [
        "object",
        {
          "load_balancer_security_group": "string",
          "private_subnet_1_security_group": "string",
          "private_subnet_2_security_group": "string",
          "web_app_security_group": "string"
        }
      ]
    },
    "slaveDB_instance_id": {
      "value": {
        "slave-db-in-us-east-2b": "slave-db-in-us-east-2b"
      },
      "type": [
        "object",
        {
          "slave-db-in-us-east-2b": "string"
        }
      ]
    },
    "slaveDB_instance_name": {
      "value": {
        "": ""
      },
      "type": [
        "object",
        {
          "": "string"
        }
      ]
    },
    "vpc": {
      "value": "vpc-0f1546de80228c686",
      "type": "string"
    }
  },
  "resources": [
    {
      "mode": "data",
      "type": "aws_ami",
      "name": "linux",
      "provider": "provider[\"registry.terraform.io/hashicorp/aws\"]",
      "instances": [
        {
          "schema_version": 0,
          "attributes": {
            "architecture": "x86_64",
            "arn": "arn:aws:ec2:us-east-2::image/ami-05d72852800cbf29e",
            "block_device_mappings": [
              {
                "device_name": "/dev/xvda",
                "ebs": {
                  "delete_on_termination": "true",
                  "encrypted": "false",
                  "iops": "0",
                  "snapshot_id": "snap-06c66e6d93a3ea755",
                  "throughput": "0",
                  "volume_size": "8",
                  "volume_type": "gp2"
                },
                "no_device": "",
                "virtual_name": ""
              }
            ],
            "creation_date": "2021-03-26T23:02:50.000Z",
            "description": "Amazon Linux 2 AMI 2.0.20210326.0 x86_64 HVM gp2",
            "ena_support": true,
            "executable_users": null,
            "filter": [
              {
                "name": "name",
                "values": [
                  "amzn2-ami-hvm-*-x86_64-gp2"
                ]
              },
              {
                "name": "virtualization-type",
                "values": [
                  "hvm"
                ]
              }
            ],
            "hypervisor": "xen",
            "id": "ami-05d72852800cbf29e",
            "image_id": "ami-05d72852800cbf29e",
            "image_location": "amazon/amzn2-ami-hvm-2.0.20210326.0-x86_64-gp2",
            "image_owner_alias": "amazon",
            "image_type": "machine",
            "kernel_id": null,
            "most_recent": true,
            "name": "amzn2-ami-hvm-2.0.20210326.0-x86_64-gp2",
            "name_regex": null,
            "owner_id": "137112412989",
            "owners": [
              "137112412989"
            ],
            "platform": null,
            "platform_details": "Linux/UNIX",
            "product_codes": [],
            "public": true,
            "ramdisk_id": null,
            "root_device_name": "/dev/xvda",
            "root_device_type": "ebs",
            "root_snapshot_id": "snap-06c66e6d93a3ea755",
            "sriov_net_support": "simple",
            "state": "available",
            "state_reason": {
              "code": "UNSET",
              "message": "UNSET"
            },
            "tags": {},
            "usage_operation": "RunInstances",
            "virtualization_type": "hvm"
          }
        }
      ]
    },
    {
      "mode": "managed",
      "type": "aws_autoscaling_group",
      "name": "web_app_autoscale",
      "provider": "provider[\"registry.terraform.io/hashicorp/aws\"]",
      "instances": [
        {
          "schema_version": 0,
          "attributes": {
            "arn": "arn:aws:autoscaling:us-east-2:198226137196:autoScalingGroup:fc4df44f-adfe-469d-8360-228d285d188f:autoScalingGroupName/terraform-launch_config20210428172333809100000001-asg",
            "availability_zones": [
              "us-east-2a",
              "us-east-2b"
            ],
            "capacity_rebalance": true,
            "default_cooldown": 300,
            "desired_capacity": 2,
            "enabled_metrics": [
              "GroupDesiredCapacity",
              "GroupInServiceInstances",
              "GroupMaxSize",
              "GroupMinSize",
              "GroupPendingInstances",
              "GroupStandbyInstances",
              "GroupTerminatingInstances",
              "GroupTotalInstances"
            ],
            "force_delete": false,
            "health_check_grace_period": 300,
            "health_check_type": "ELB",
            "id": "terraform-launch_config20210428172333809100000001-asg",
            "initial_lifecycle_hook": [],
            "instance_refresh": [],
            "launch_configuration": "terraform-launch_config20210428172333809100000001",
            "launch_template": [],
            "load_balancers": [
              "web-elb"
            ],
            "max_instance_lifetime": 0,
            "max_size": 5,
            "metrics_granularity": "1Minute",
            "min_elb_capacity": null,
            "min_size": 1,
            "mixed_instances_policy": [],
            "name": "terraform-launch_config20210428172333809100000001-asg",
            "name_prefix": null,
            "placement_group": "",
            "protect_from_scale_in": false,
            "service_linked_role_arn": "arn:aws:iam::198226137196:role/aws-service-role/autoscaling.amazonaws.com/AWSServiceRoleForAutoScaling",
            "suspended_processes": null,
            "tag": [
              {
                "key": "Name",
                "propagate_at_launch": true,
                "value": "web"
              }
            ],
            "tags": null,
            "target_group_arns": null,
            "termination_policies": null,
            "timeouts": null,
            "vpc_zone_identifier": [
              "subnet-0aa75aa8360ef59d9",
              "subnet-0dfaeca3e37f545a9"
            ],
            "wait_for_capacity_timeout": "10m",
            "wait_for_elb_capacity": null
          },
          "private": "eyJlMmJmYjczMC1lY2FhLTExZTYtOGY4OC0zNDM2M2JjN2M0YzAiOnsiZGVsZXRlIjo2MDAwMDAwMDAwMDB9fQ==",
          "dependencies": [
            "aws_elb.web_elb",
            "aws_launch_configuration.launch_config",
            "aws_security_group.load_balancer",
            "aws_security_group.web_app",
            "aws_subnet.public_subnet",
            "aws_vpc.main_vpc",
            "data.aws_ami.linux"
          ],
          "create_before_destroy": true
        }
      ]
    },
    {
      "mode": "managed",
      "type": "aws_autoscaling_policy",
      "name": "down_policy",
      "provider": "provider[\"registry.terraform.io/hashicorp/aws\"]",
      "instances": [
        {
          "schema_version": 0,
          "attributes": {
            "adjustment_type": "ChangeInCapacity",
            "arn": "arn:aws:autoscaling:us-east-2:198226137196:scalingPolicy:5e34dad3-fda0-4398-83e5-77426c0f8337:autoScalingGroupName/terraform-launch_config20210428172333809100000001-asg:policyName/webapp_down_policy",
            "autoscaling_group_name": "terraform-launch_config20210428172333809100000001-asg",
            "cooldown": 200,
            "estimated_instance_warmup": 0,
            "id": "webapp_down_policy",
            "metric_aggregation_type": "",
            "min_adjustment_magnitude": null,
            "name": "webapp_down_policy",
            "policy_type": "SimpleScaling",
            "scaling_adjustment": -1,
            "step_adjustment": [],
            "target_tracking_configuration": []
          },
          "private": "bnVsbA==",
          "dependencies": [
            "aws_autoscaling_group.web_app_autoscale",
            "aws_elb.web_elb",
            "aws_launch_configuration.launch_config",
            "aws_security_group.load_balancer",
            "aws_security_group.web_app",
            "aws_subnet.public_subnet",
            "aws_vpc.main_vpc",
            "data.aws_ami.linux"
          ]
        }
      ]
    },
    {
      "mode": "managed",
      "type": "aws_autoscaling_policy",
      "name": "up_policy",
      "provider": "provider[\"registry.terraform.io/hashicorp/aws\"]",
      "instances": [
        {
          "schema_version": 0,
          "attributes": {
            "adjustment_type": "ChangeInCapacity",
            "arn": "arn:aws:autoscaling:us-east-2:198226137196:scalingPolicy:fe1a7ae9-3747-4f55-be66-8304c8baf186:autoScalingGroupName/terraform-launch_config20210428172333809100000001-asg:policyName/webapp_up_policy",
            "autoscaling_group_name": "terraform-launch_config20210428172333809100000001-asg",
            "cooldown": 200,
            "estimated_instance_warmup": 0,
            "id": "webapp_up_policy",
            "metric_aggregation_type": "",
            "min_adjustment_magnitude": null,
            "name": "webapp_up_policy",
            "policy_type": "SimpleScaling",
            "scaling_adjustment": 2,
            "step_adjustment": [],
            "target_tracking_configuration": []
          },
          "private": "bnVsbA==",
          "dependencies": [
            "aws_autoscaling_group.web_app_autoscale",
            "aws_elb.web_elb",
            "aws_launch_configuration.launch_config",
            "aws_security_group.load_balancer",
            "aws_security_group.web_app",
            "aws_subnet.public_subnet",
            "aws_vpc.main_vpc",
            "data.aws_ami.linux"
          ]
        }
      ]
    },
    {
      "mode": "managed",
      "type": "aws_cloudwatch_metric_alarm",
      "name": "down_alarm_watch",
      "provider": "provider[\"registry.terraform.io/hashicorp/aws\"]",
      "instances": [
        {
          "schema_version": 1,
          "attributes": {
            "actions_enabled": true,
            "alarm_actions": [
              "arn:aws:autoscaling:us-east-2:198226137196:scalingPolicy:5e34dad3-fda0-4398-83e5-77426c0f8337:autoScalingGroupName/terraform-launch_config20210428172333809100000001-asg:policyName/webapp_down_policy"
            ],
            "alarm_description": "This metric monitors ec2 cpu utilization",
            "alarm_name": "Alarm to monitor down scaling",
            "arn": "arn:aws:cloudwatch:us-east-2:198226137196:alarm:Alarm to monitor down scaling",
            "comparison_operator": "GreaterThanOrEqualToThreshold",
            "datapoints_to_alarm": 0,
            "dimensions": {
              "AutoScalingGroupName": "terraform-launch_config20210428172333809100000001-asg"
            },
            "evaluate_low_sample_count_percentiles": "",
            "evaluation_periods": 2,
            "extended_statistic": "",
            "id": "Alarm to monitor down scaling",
            "insufficient_data_actions": null,
            "metric_name": "CPUUtilization",
            "metric_query": [],
            "namespace": "AWS/EC2",
            "ok_actions": null,
            "period": 120,
            "statistic": "Average",
            "tags": null,
            "threshold": 10,
            "threshold_metric_id": "",
            "treat_missing_data": "missing",
            "unit": ""
          },
          "private": "eyJzY2hlbWFfdmVyc2lvbiI6IjEifQ==",
          "dependencies": [
            "aws_autoscaling_group.web_app_autoscale",
            "aws_autoscaling_policy.down_policy",
            "aws_elb.web_elb",
            "aws_launch_configuration.launch_config",
            "aws_security_group.load_balancer",
            "aws_security_group.web_app",
            "aws_subnet.public_subnet",
            "aws_vpc.main_vpc",
            "data.aws_ami.linux"
          ]
        }
      ]
    },
    {
      "mode": "managed",
      "type": "aws_cloudwatch_metric_alarm",
      "name": "up_alarm_watch",
      "provider": "provider[\"registry.terraform.io/hashicorp/aws\"]",
      "instances": [
        {
          "schema_version": 1,
          "attributes": {
            "actions_enabled": true,
            "alarm_actions": [
              "arn:aws:autoscaling:us-east-2:198226137196:scalingPolicy:fe1a7ae9-3747-4f55-be66-8304c8baf186:autoScalingGroupName/terraform-launch_config20210428172333809100000001-asg:policyName/webapp_up_policy"
            ],
            "alarm_description": "This metric monitors ec2 cpu utilization",
            "alarm_name": "Alarm to monitor up scaling",
            "arn": "arn:aws:cloudwatch:us-east-2:198226137196:alarm:Alarm to monitor up scaling",
            "comparison_operator": "GreaterThanOrEqualToThreshold",
            "datapoints_to_alarm": 0,
            "dimensions": {
              "AutoScalingGroupName": "terraform-launch_config20210428172333809100000001-asg"
            },
            "evaluate_low_sample_count_percentiles": "",
            "evaluation_periods": 2,
            "extended_statistic": "",
            "id": "Alarm to monitor up scaling",
            "insufficient_data_actions": null,
            "metric_name": "CPUUtilization",
            "metric_query": [],
            "namespace": "AWS/EC2",
            "ok_actions": null,
            "period": 120,
            "statistic": "Average",
            "tags": null,
            "threshold": 60,
            "threshold_metric_id": "",
            "treat_missing_data": "missing",
            "unit": ""
          },
          "private": "eyJzY2hlbWFfdmVyc2lvbiI6IjEifQ==",
          "dependencies": [
            "aws_autoscaling_group.web_app_autoscale",
            "aws_autoscaling_policy.up_policy",
            "aws_elb.web_elb",
            "aws_launch_configuration.launch_config",
            "aws_security_group.load_balancer",
            "aws_security_group.web_app",
            "aws_subnet.public_subnet",
            "aws_vpc.main_vpc",
            "data.aws_ami.linux"
          ]
        }
      ]
    },
    {
      "mode": "managed",
      "type": "aws_db_instance",
      "name": "master_db_instance",
      "provider": "provider[\"registry.terraform.io/hashicorp/aws\"]",
      "instances": [
        {
          "index_key": 0,
          "schema_version": 1,
          "attributes": {
            "address": "master-db-in-us-east-2a.cqhnbijijvy1.us-east-2.rds.amazonaws.com",
            "allocated_storage": 10,
            "allow_major_version_upgrade": null,
            "apply_immediately": null,
            "arn": "arn:aws:rds:us-east-2:198226137196:db:master-db-in-us-east-2a",
            "auto_minor_version_upgrade": true,
            "availability_zone": "us-east-2a",
            "backup_retention_period": 3,
            "backup_window": "07:38-08:08",
            "ca_cert_identifier": "rds-ca-2019",
            "character_set_name": null,
            "copy_tags_to_snapshot": false,
            "db_subnet_group_name": "db_subnet_group",
            "delete_automated_backups": true,
            "deletion_protection": false,
            "domain": "",
            "domain_iam_role_name": "",
            "enabled_cloudwatch_logs_exports": null,
            "endpoint": "master-db-in-us-east-2a.cqhnbijijvy1.us-east-2.rds.amazonaws.com:5432",
            "engine": "postgres",
            "engine_version": "12.5",
            "final_snapshot_identifier": null,
            "hosted_zone_id": "Z2XHWR1WZ565X2",
            "iam_database_authentication_enabled": false,
            "id": "master-db-in-us-east-2a",
            "identifier": "master-db-in-us-east-2a",
            "identifier_prefix": null,
            "instance_class": "db.t2.micro",
            "iops": 0,
            "kms_key_id": "",
            "latest_restorable_time": "2021-04-28T17:29:10Z",
            "license_model": "postgresql-license",
            "maintenance_window": "tue:09:58-tue:10:28",
            "max_allocated_storage": 0,
            "monitoring_interval": 0,
            "monitoring_role_arn": "",
            "multi_az": false,
            "name": "",
            "option_group_name": "default:postgres-12",
            "parameter_group_name": "default.postgres12",
            "password": "postgres",
            "performance_insights_enabled": false,
            "performance_insights_kms_key_id": "",
            "performance_insights_retention_period": 0,
            "port": 5432,
            "publicly_accessible": false,
            "replicas": [],
            "replicate_source_db": "",
            "resource_id": "db-5ZCMJAGDUMQNRAPQ4UMEMNIIXY",
            "restore_to_point_in_time": [],
            "s3_import": [],
            "security_group_names": null,
            "skip_final_snapshot": true,
            "snapshot_identifier": null,
            "status": "available",
            "storage_encrypted": false,
            "storage_type": "gp2",
            "tags": null,
            "timeouts": null,
            "timezone": "",
            "username": "postgres",
            "vpc_security_group_ids": [
              "sg-03185033667d11634"
            ]
          },
          "private": "eyJlMmJmYjczMC1lY2FhLTExZTYtOGY4OC0zNDM2M2JjN2M0YzAiOnsiY3JlYXRlIjoyNDAwMDAwMDAwMDAwLCJkZWxldGUiOjM2MDAwMDAwMDAwMDAsInVwZGF0ZSI6NDgwMDAwMDAwMDAwMH0sInNjaGVtYV92ZXJzaW9uIjoiMSJ9",
          "dependencies": [
            "aws_db_subnet_group.db_subnet_grp",
            "aws_security_group.private_subnet_2",
            "aws_subnet.private_subnet_2",
            "aws_vpc.main_vpc"
          ]
        }
      ]
    },
    {
      "mode": "managed",
      "type": "aws_db_instance",
      "name": "slave_db_instance",
      "provider": "provider[\"registry.terraform.io/hashicorp/aws\"]",
      "instances": [
        {
          "index_key": "us-east-2b",
          "schema_version": 1,
          "attributes": {
            "address": "slave-db-in-us-east-2b.cqhnbijijvy1.us-east-2.rds.amazonaws.com",
            "allocated_storage": 10,
            "allow_major_version_upgrade": null,
            "apply_immediately": null,
            "arn": "arn:aws:rds:us-east-2:198226137196:db:slave-db-in-us-east-2b",
            "auto_minor_version_upgrade": true,
            "availability_zone": "us-east-2b",
            "backup_retention_period": 0,
            "backup_window": "07:38-08:08",
            "ca_cert_identifier": "rds-ca-2019",
            "character_set_name": null,
            "copy_tags_to_snapshot": false,
            "db_subnet_group_name": "db_subnet_group",
            "delete_automated_backups": true,
            "deletion_protection": false,
            "domain": "",
            "domain_iam_role_name": "",
            "enabled_cloudwatch_logs_exports": null,
            "endpoint": "slave-db-in-us-east-2b.cqhnbijijvy1.us-east-2.rds.amazonaws.com:5432",
            "engine": "postgres",
            "engine_version": "12.5",
            "final_snapshot_identifier": null,
            "hosted_zone_id": "Z2XHWR1WZ565X2",
            "iam_database_authentication_enabled": false,
            "id": "slave-db-in-us-east-2b",
            "identifier": "slave-db-in-us-east-2b",
            "identifier_prefix": null,
            "instance_class": "db.t2.micro",
            "iops": 0,
            "kms_key_id": "",
            "latest_restorable_time": "0001-01-01T00:00:00Z",
            "license_model": "postgresql-license",
            "maintenance_window": "tue:09:58-tue:10:28",
            "max_allocated_storage": 0,
            "monitoring_interval": 0,
            "monitoring_role_arn": "",
            "multi_az": false,
            "name": "",
            "option_group_name": "default:postgres-12",
            "parameter_group_name": "default.postgres12",
            "password": null,
            "performance_insights_enabled": false,
            "performance_insights_kms_key_id": "",
            "performance_insights_retention_period": 0,
            "port": 5432,
            "publicly_accessible": false,
            "replicas": [],
            "replicate_source_db": "master-db-in-us-east-2a",
            "resource_id": "db-XIS2XDH6RKLKEMPMG64LARUELQ",
            "restore_to_point_in_time": [],
            "s3_import": [],
            "security_group_names": null,
            "skip_final_snapshot": true,
            "snapshot_identifier": null,
            "status": "available",
            "storage_encrypted": false,
            "storage_type": "gp2",
            "tags": null,
            "timeouts": null,
            "timezone": "",
            "username": "postgres",
            "vpc_security_group_ids": [
              "sg-03185033667d11634"
            ]
          },
          "private": "eyJlMmJmYjczMC1lY2FhLTExZTYtOGY4OC0zNDM2M2JjN2M0YzAiOnsiY3JlYXRlIjoyNDAwMDAwMDAwMDAwLCJkZWxldGUiOjM2MDAwMDAwMDAwMDAsInVwZGF0ZSI6NDgwMDAwMDAwMDAwMH0sInNjaGVtYV92ZXJzaW9uIjoiMSJ9",
          "dependencies": [
            "aws_db_instance.master_db_instance",
            "aws_db_subnet_group.db_subnet_grp",
            "aws_security_group.private_subnet_2",
            "aws_subnet.private_subnet_2",
            "aws_vpc.main_vpc"
          ]
        }
      ]
    },
    {
      "mode": "managed",
      "type": "aws_db_subnet_group",
      "name": "db_subnet_grp",
      "provider": "provider[\"registry.terraform.io/hashicorp/aws\"]",
      "instances": [
        {
          "schema_version": 0,
          "attributes": {
            "arn": "arn:aws:rds:us-east-2:198226137196:subgrp:db_subnet_group",
            "description": "Managed by Terraform",
            "id": "db_subnet_group",
            "name": "db_subnet_group",
            "name_prefix": null,
            "subnet_ids": [
              "subnet-01060e999a4403534",
              "subnet-0f5b23ca9a3ade5dc"
            ],
            "tags": {
              "Name": "DEV-DB-subnet-grp"
            }
          },
          "private": "bnVsbA==",
          "dependencies": [
            "aws_subnet.private_subnet_2",
            "aws_vpc.main_vpc"
          ]
        }
      ]
    },
    {
      "mode": "managed",
      "type": "aws_eip",
      "name": "dmz",
      "provider": "provider[\"registry.terraform.io/hashicorp/aws\"]",
      "instances": []
    },
    {
      "mode": "managed",
      "type": "aws_eip",
      "name": "nat_gate",
      "provider": "provider[\"registry.terraform.io/hashicorp/aws\"]",
      "instances": [
        {
          "index_key": 0,
          "schema_version": 0,
          "attributes": {
            "allocation_id": null,
            "associate_with_private_ip": null,
            "association_id": "",
            "carrier_ip": "",
            "customer_owned_ip": "",
            "customer_owned_ipv4_pool": "",
            "domain": "vpc",
            "id": "eipalloc-08e795cbd02bbf634",
            "instance": "",
            "network_border_group": "us-east-2",
            "network_interface": "",
            "private_dns": null,
            "private_ip": "",
            "public_dns": "ec2-3-143-43-248.us-east-2.compute.amazonaws.com",
            "public_ip": "3.143.43.248",
            "public_ipv4_pool": "amazon",
            "tags": null,
            "timeouts": null,
            "vpc": true
          },
          "private": "eyJlMmJmYjczMC1lY2FhLTExZTYtOGY4OC0zNDM2M2JjN2M0YzAiOnsiZGVsZXRlIjoxODAwMDAwMDAwMDAsInJlYWQiOjkwMDAwMDAwMDAwMCwidXBkYXRlIjozMDAwMDAwMDAwMDB9fQ=="
        },
        {
          "index_key": 1,
          "schema_version": 0,
          "attributes": {
            "allocation_id": null,
            "associate_with_private_ip": null,
            "association_id": "",
            "carrier_ip": "",
            "customer_owned_ip": "",
            "customer_owned_ipv4_pool": "",
            "domain": "vpc",
            "id": "eipalloc-09e15493679411304",
            "instance": "",
            "network_border_group": "us-east-2",
            "network_interface": "",
            "private_dns": null,
            "private_ip": "",
            "public_dns": "ec2-3-140-165-191.us-east-2.compute.amazonaws.com",
            "public_ip": "3.140.165.191",
            "public_ipv4_pool": "amazon",
            "tags": null,
            "timeouts": null,
            "vpc": true
          },
          "private": "eyJlMmJmYjczMC1lY2FhLTExZTYtOGY4OC0zNDM2M2JjN2M0YzAiOnsiZGVsZXRlIjoxODAwMDAwMDAwMDAsInJlYWQiOjkwMDAwMDAwMDAwMCwidXBkYXRlIjozMDAwMDAwMDAwMDB9fQ=="
        }
      ]
    },
    {
      "mode": "managed",
      "type": "aws_elb",
      "name": "web_elb",
      "provider": "provider[\"registry.terraform.io/hashicorp/aws\"]",
      "instances": [
        {
          "schema_version": 0,
          "attributes": {
            "access_logs": [],
            "arn": "arn:aws:elasticloadbalancing:us-east-2:198226137196:loadbalancer/web-elb",
            "availability_zones": [
              "us-east-2a",
              "us-east-2b"
            ],
            "connection_draining": false,
            "connection_draining_timeout": 300,
            "cross_zone_load_balancing": true,
            "dns_name": "web-elb-1412438912.us-east-2.elb.amazonaws.com",
            "health_check": [
              {
                "healthy_threshold": 5,
                "interval": 30,
                "target": "HTTP:80/",
                "timeout": 3,
                "unhealthy_threshold": 5
              }
            ],
            "id": "web-elb",
            "idle_timeout": 60,
            "instances": [],
            "internal": false,
            "listener": [
              {
                "instance_port": 80,
                "instance_protocol": "HTTP",
                "lb_port": 80,
                "lb_protocol": "HTTP",
                "ssl_certificate_id": ""
              }
            ],
            "name": "web-elb",
            "name_prefix": null,
            "security_groups": [
              "sg-0557ace817c28fe8b"
            ],
            "source_security_group": "198226137196/Security group for the Load Balancer",
            "source_security_group_id": "sg-0557ace817c28fe8b",
            "subnets": [
              "subnet-0aa75aa8360ef59d9",
              "subnet-0dfaeca3e37f545a9"
            ],
            "tags": null,
            "zone_id": "Z3AADJGX6KTTL2"
          },
          "private": "bnVsbA==",
          "dependencies": [
            "aws_security_group.load_balancer",
            "aws_subnet.public_subnet",
            "aws_vpc.main_vpc"
          ],
          "create_before_destroy": true
        }
      ]
    },
    {
      "mode": "managed",
      "type": "aws_instance",
      "name": "apiend_instance",
      "provider": "provider[\"registry.terraform.io/hashicorp/aws\"]",
      "instances": [
        {
          "index_key": 0,
          "schema_version": 1,
          "attributes": {
            "ami": "ami-05d72852800cbf29e",
            "arn": "arn:aws:ec2:us-east-2:198226137196:instance/i-030caf56c3d9aef70",
            "associate_public_ip_address": false,
            "availability_zone": "us-east-2a",
            "cpu_core_count": 1,
            "cpu_threads_per_core": 1,
            "credit_specification": [
              {
                "cpu_credits": "standard"
              }
            ],
            "disable_api_termination": false,
            "ebs_block_device": [],
            "ebs_optimized": false,
            "enclave_options": [
              {
                "enabled": false
              }
            ],
            "ephemeral_block_device": [],
            "get_password_data": false,
            "hibernation": false,
            "host_id": null,
            "iam_instance_profile": "",
            "id": "i-030caf56c3d9aef70",
            "instance_initiated_shutdown_behavior": null,
            "instance_state": "running",
            "instance_type": "t2.micro",
            "ipv6_address_count": 0,
            "ipv6_addresses": [],
            "key_name": "apiend-key",
            "metadata_options": [
              {
                "http_endpoint": "enabled",
                "http_put_response_hop_limit": 1,
                "http_tokens": "optional"
              }
            ],
            "monitoring": false,
            "network_interface": [],
            "outpost_arn": "",
            "password_data": "",
            "placement_group": "",
            "primary_network_interface_id": "eni-03f4ec8860c2b71bf",
            "private_dns": "ip-10-0-3-97.us-east-2.compute.internal",
            "private_ip": "10.0.3.97",
            "public_dns": "",
            "public_ip": "",
            "root_block_device": [
              {
                "delete_on_termination": true,
                "device_name": "/dev/xvda",
                "encrypted": false,
                "iops": 100,
                "kms_key_id": "",
                "tags": {},
                "throughput": 0,
                "volume_id": "vol-03ddcd9b609af80d8",
                "volume_size": 8,
                "volume_type": "gp2"
              }
            ],
            "secondary_private_ips": [],
            "security_groups": [],
            "source_dest_check": true,
            "subnet_id": "subnet-08ede9d0c5b3bde72",
            "tags": {
              "Name": "apiend_instance-us-east-2a"
            },
            "tenancy": "default",
            "timeouts": null,
            "user_data": null,
            "user_data_base64": null,
            "volume_tags": null,
            "vpc_security_group_ids": [
              "sg-0aa4855fedf640b3a"
            ]
          },
          "private": "eyJlMmJmYjczMC1lY2FhLTExZTYtOGY4OC0zNDM2M2JjN2M0YzAiOnsiY3JlYXRlIjo2MDAwMDAwMDAwMDAsImRlbGV0ZSI6MTIwMDAwMDAwMDAwMCwidXBkYXRlIjo2MDAwMDAwMDAwMDB9LCJzY2hlbWFfdmVyc2lvbiI6IjEifQ==",
          "dependencies": [
            "aws_security_group.private_subnet_1",
            "aws_subnet.dmz",
            "aws_subnet.private_subnet_1",
            "aws_vpc.main_vpc",
            "data.aws_ami.linux"
          ]
        },
        {
          "index_key": 1,
          "schema_version": 1,
          "attributes": {
            "ami": "ami-05d72852800cbf29e",
            "arn": "arn:aws:ec2:us-east-2:198226137196:instance/i-0e47f6aae6243d2ae",
            "associate_public_ip_address": false,
            "availability_zone": "us-east-2b",
            "cpu_core_count": 1,
            "cpu_threads_per_core": 1,
            "credit_specification": [
              {
                "cpu_credits": "standard"
              }
            ],
            "disable_api_termination": false,
            "ebs_block_device": [],
            "ebs_optimized": false,
            "enclave_options": [
              {
                "enabled": false
              }
            ],
            "ephemeral_block_device": [],
            "get_password_data": false,
            "hibernation": false,
            "host_id": null,
            "iam_instance_profile": "",
            "id": "i-0e47f6aae6243d2ae",
            "instance_initiated_shutdown_behavior": null,
            "instance_state": "running",
            "instance_type": "t2.micro",
            "ipv6_address_count": 0,
            "ipv6_addresses": [],
            "key_name": "apiend-key",
            "metadata_options": [
              {
                "http_endpoint": "enabled",
                "http_put_response_hop_limit": 1,
                "http_tokens": "optional"
              }
            ],
            "monitoring": false,
            "network_interface": [],
            "outpost_arn": "",
            "password_data": "",
            "placement_group": "",
            "primary_network_interface_id": "eni-0e97847cb83ce9c2f",
            "private_dns": "ip-10-0-5-140.us-east-2.compute.internal",
            "private_ip": "10.0.5.140",
            "public_dns": "",
            "public_ip": "",
            "root_block_device": [
              {
                "delete_on_termination": true,
                "device_name": "/dev/xvda",
                "encrypted": false,
                "iops": 100,
                "kms_key_id": "",
                "tags": {},
                "throughput": 0,
                "volume_id": "vol-0c940b25e0f8be829",
                "volume_size": 8,
                "volume_type": "gp2"
              }
            ],
            "secondary_private_ips": [],
            "security_groups": [],
            "source_dest_check": true,
            "subnet_id": "subnet-08b5dd1e34beae261",
            "tags": {
              "Name": "apiend_instance-us-east-2b"
            },
            "tenancy": "default",
            "timeouts": null,
            "user_data": null,
            "user_data_base64": null,
            "volume_tags": null,
            "vpc_security_group_ids": [
              "sg-0aa4855fedf640b3a"
            ]
          },
          "private": "eyJlMmJmYjczMC1lY2FhLTExZTYtOGY4OC0zNDM2M2JjN2M0YzAiOnsiY3JlYXRlIjo2MDAwMDAwMDAwMDAsImRlbGV0ZSI6MTIwMDAwMDAwMDAwMCwidXBkYXRlIjo2MDAwMDAwMDAwMDB9LCJzY2hlbWFfdmVyc2lvbiI6IjEifQ==",
          "dependencies": [
            "aws_security_group.private_subnet_1",
            "aws_subnet.dmz",
            "aws_subnet.private_subnet_1",
            "aws_vpc.main_vpc",
            "data.aws_ami.linux"
          ]
        }
      ]
    },
    {
      "mode": "managed",
      "type": "aws_instance",
      "name": "bastion_instance",
      "provider": "provider[\"registry.terraform.io/hashicorp/aws\"]",
      "instances": [
        {
          "index_key": 0,
          "schema_version": 1,
          "attributes": {
            "ami": "ami-05d72852800cbf29e",
            "arn": "arn:aws:ec2:us-east-2:198226137196:instance/i-08e3d9eb6f7b893ed",
            "associate_public_ip_address": true,
            "availability_zone": "us-east-2a",
            "cpu_core_count": 1,
            "cpu_threads_per_core": 1,
            "credit_specification": [
              {
                "cpu_credits": "standard"
              }
            ],
            "disable_api_termination": false,
            "ebs_block_device": [],
            "ebs_optimized": false,
            "enclave_options": [
              {
                "enabled": false
              }
            ],
            "ephemeral_block_device": [],
            "get_password_data": false,
            "hibernation": false,
            "host_id": null,
            "iam_instance_profile": "",
            "id": "i-08e3d9eb6f7b893ed",
            "instance_initiated_shutdown_behavior": null,
            "instance_state": "running",
            "instance_type": "t2.micro",
            "ipv6_address_count": 0,
            "ipv6_addresses": [],
            "key_name": "bastion-key",
            "metadata_options": [
              {
                "http_endpoint": "enabled",
                "http_put_response_hop_limit": 1,
                "http_tokens": "optional"
              }
            ],
            "monitoring": false,
            "network_interface": [],
            "outpost_arn": "",
            "password_data": "",
            "placement_group": "",
            "primary_network_interface_id": "eni-0c8e116b3b4ba100f",
            "private_dns": "ip-10-0-21-36.us-east-2.compute.internal",
            "private_ip": "10.0.21.36",
            "public_dns": "ec2-3-16-76-160.us-east-2.compute.amazonaws.com",
            "public_ip": "3.16.76.160",
            "root_block_device": [
              {
                "delete_on_termination": true,
                "device_name": "/dev/xvda",
                "encrypted": false,
                "iops": 100,
                "kms_key_id": "",
                "tags": {},
                "throughput": 0,
                "volume_id": "vol-003b3767b57eda9db",
                "volume_size": 8,
                "volume_type": "gp2"
              }
            ],
            "secondary_private_ips": [],
            "security_groups": [],
            "source_dest_check": true,
            "subnet_id": "subnet-0dee29d96ca65261c",
            "tags": {
              "Name": "bastion_instance-us-east-2a"
            },
            "tenancy": "default",
            "timeouts": null,
            "user_data": null,
            "user_data_base64": null,
            "volume_tags": null,
            "vpc_security_group_ids": [
              "sg-0b373cc923ef2c381"
            ]
          },
          "private": "eyJlMmJmYjczMC1lY2FhLTExZTYtOGY4OC0zNDM2M2JjN2M0YzAiOnsiY3JlYXRlIjo2MDAwMDAwMDAwMDAsImRlbGV0ZSI6MTIwMDAwMDAwMDAwMCwidXBkYXRlIjo2MDAwMDAwMDAwMDB9LCJzY2hlbWFfdmVyc2lvbiI6IjEifQ==",
          "dependencies": [
            "aws_security_group.bastion_sg",
            "aws_subnet.dmz",
            "aws_vpc.main_vpc",
            "data.aws_ami.linux"
          ]
        }
      ]
    },
    {
      "mode": "managed",
      "type": "aws_internet_gateway",
      "name": "igw",
      "provider": "provider[\"registry.terraform.io/hashicorp/aws\"]",
      "instances": [
        {
          "schema_version": 0,
          "attributes": {
            "arn": "arn:aws:ec2:us-east-2:198226137196:internet-gateway/igw-0018646ec7578e557",
            "id": "igw-0018646ec7578e557",
            "owner_id": "198226137196",
            "tags": null,
            "vpc_id": "vpc-0f1546de80228c686"
          },
          "private": "bnVsbA==",
          "dependencies": [
            "aws_vpc.main_vpc"
          ]
        }
      ]
    },
    {
      "mode": "managed",
      "type": "aws_launch_configuration",
      "name": "launch_config",
      "provider": "provider[\"registry.terraform.io/hashicorp/aws\"]",
      "instances": [
        {
          "schema_version": 0,
          "attributes": {
            "arn": "arn:aws:autoscaling:us-east-2:198226137196:launchConfiguration:945d7547-e574-4974-be20-bf5670e40b15:launchConfigurationName/terraform-launch_config20210428172333809100000001",
            "associate_public_ip_address": false,
            "ebs_block_device": [],
            "ebs_optimized": false,
            "enable_monitoring": true,
            "ephemeral_block_device": [],
            "iam_instance_profile": "",
            "id": "terraform-launch_config20210428172333809100000001",
            "image_id": "ami-05d72852800cbf29e",
            "instance_type": "t2.micro",
            "key_name": "webapp-key",
            "metadata_options": [],
            "name": "terraform-launch_config20210428172333809100000001",
            "name_prefix": "terraform-launch_config",
            "placement_tenancy": null,
            "root_block_device": [],
            "security_groups": [
              "sg-0a33b9b9dffbc16a0"
            ],
            "spot_price": "",
            "user_data": "f4fa8d3379118db3ddd3ccf2ac162c6f191d3135",
            "user_data_base64": null,
            "vpc_classic_link_id": "",
            "vpc_classic_link_security_groups": null
          },
          "private": "bnVsbA==",
          "dependencies": [
            "aws_security_group.web_app",
            "aws_vpc.main_vpc",
            "data.aws_ami.linux"
          ],
          "create_before_destroy": true
        }
      ]
    },
    {
      "mode": "managed",
      "type": "aws_nat_gateway",
      "name": "nat_gate",
      "provider": "provider[\"registry.terraform.io/hashicorp/aws\"]",
      "instances": [
        {
          "index_key": 0,
          "schema_version": 0,
          "attributes": {
            "allocation_id": "eipalloc-08e795cbd02bbf634",
            "id": "nat-01c45f9cee0bc5e19",
            "network_interface_id": "eni-0e7a11c53683ace03",
            "private_ip": "10.0.2.103",
            "public_ip": "3.143.43.248",
            "subnet_id": "subnet-0aa75aa8360ef59d9",
            "tags": null
          },
          "private": "bnVsbA==",
          "dependencies": [
            "aws_eip.nat_gate",
            "aws_internet_gateway.igw",
            "aws_subnet.public_subnet",
            "aws_vpc.main_vpc"
          ]
        },
        {
          "index_key": 1,
          "schema_version": 0,
          "attributes": {
            "allocation_id": "eipalloc-09e15493679411304",
            "id": "nat-04342ffb7455e8f43",
            "network_interface_id": "eni-0193893ba846a3190",
            "private_ip": "10.0.4.133",
            "public_ip": "3.140.165.191",
            "subnet_id": "subnet-0dfaeca3e37f545a9",
            "tags": null
          },
          "private": "bnVsbA==",
          "dependencies": [
            "aws_eip.nat_gate",
            "aws_internet_gateway.igw",
            "aws_subnet.public_subnet",
            "aws_vpc.main_vpc"
          ]
        }
      ]
    },
    {
      "mode": "managed",
      "type": "aws_route_table",
      "name": "privsub1_to_natgw",
      "provider": "provider[\"registry.terraform.io/hashicorp/aws\"]",
      "instances": [
        {
          "index_key": 0,
          "schema_version": 0,
          "attributes": {
            "id": "rtb-0bc624771f8b839f2",
            "owner_id": "198226137196",
            "propagating_vgws": [],
            "route": [
              {
                "cidr_block": "0.0.0.0/0",
                "egress_only_gateway_id": "",
                "gateway_id": "",
                "instance_id": "",
                "ipv6_cidr_block": "",
                "local_gateway_id": "",
                "nat_gateway_id": "nat-01c45f9cee0bc5e19",
                "network_interface_id": "",
                "transit_gateway_id": "",
                "vpc_endpoint_id": "",
                "vpc_peering_connection_id": ""
              }
            ],
            "tags": {
              "Name": "route from Private_sub_1 to NAT - 0"
            },
            "vpc_id": "vpc-0f1546de80228c686"
          },
          "private": "bnVsbA==",
          "dependencies": [
            "aws_eip.nat_gate",
            "aws_internet_gateway.igw",
            "aws_nat_gateway.nat_gate",
            "aws_subnet.public_subnet",
            "aws_vpc.main_vpc"
          ]
        },
        {
          "index_key": 1,
          "schema_version": 0,
          "attributes": {
            "id": "rtb-08e279a36a402e2ed",
            "owner_id": "198226137196",
            "propagating_vgws": [],
            "route": [
              {
                "cidr_block": "0.0.0.0/0",
                "egress_only_gateway_id": "",
                "gateway_id": "",
                "instance_id": "",
                "ipv6_cidr_block": "",
                "local_gateway_id": "",
                "nat_gateway_id": "nat-04342ffb7455e8f43",
                "network_interface_id": "",
                "transit_gateway_id": "",
                "vpc_endpoint_id": "",
                "vpc_peering_connection_id": ""
              }
            ],
            "tags": {
              "Name": "route from Private_sub_1 to NAT - 1"
            },
            "vpc_id": "vpc-0f1546de80228c686"
          },
          "private": "bnVsbA==",
          "dependencies": [
            "aws_eip.nat_gate",
            "aws_internet_gateway.igw",
            "aws_nat_gateway.nat_gate",
            "aws_subnet.public_subnet",
            "aws_vpc.main_vpc"
          ]
        }
      ]
    },
    {
      "mode": "managed",
      "type": "aws_route_table",
      "name": "privsub1_to_privsub2",
      "provider": "provider[\"registry.terraform.io/hashicorp/aws\"]",
      "instances": [
        {
          "index_key": 0,
          "schema_version": 0,
          "attributes": {
            "id": "rtb-02fd33c4f229377f9",
            "owner_id": "198226137196",
            "propagating_vgws": [],
            "route": [
              {
                "cidr_block": "10.0.7.0/24",
                "egress_only_gateway_id": "",
                "gateway_id": "",
                "instance_id": "i-030caf56c3d9aef70",
                "ipv6_cidr_block": "",
                "local_gateway_id": "",
                "nat_gateway_id": "",
                "network_interface_id": "",
                "transit_gateway_id": "",
                "vpc_endpoint_id": "",
                "vpc_peering_connection_id": ""
              }
            ],
            "tags": {
              "Name": "route from Private_sub_2 to Private_sub_1 - 0"
            },
            "vpc_id": "vpc-0f1546de80228c686"
          },
          "private": "bnVsbA==",
          "dependencies": [
            "aws_instance.apiend_instance",
            "aws_security_group.private_subnet_1",
            "aws_subnet.dmz",
            "aws_subnet.private_subnet_1",
            "aws_vpc.main_vpc",
            "data.aws_ami.linux"
          ]
        },
        {
          "index_key": 1,
          "schema_version": 0,
          "attributes": {
            "id": "rtb-0f4e6961f01f5efc8",
            "owner_id": "198226137196",
            "propagating_vgws": [],
            "route": [
              {
                "cidr_block": "10.0.9.0/24",
                "egress_only_gateway_id": "",
                "gateway_id": "",
                "instance_id": "i-0e47f6aae6243d2ae",
                "ipv6_cidr_block": "",
                "local_gateway_id": "",
                "nat_gateway_id": "",
                "network_interface_id": "",
                "transit_gateway_id": "",
                "vpc_endpoint_id": "",
                "vpc_peering_connection_id": ""
              }
            ],
            "tags": {
              "Name": "route from Private_sub_2 to Private_sub_1 - 1"
            },
            "vpc_id": "vpc-0f1546de80228c686"
          },
          "private": "bnVsbA==",
          "dependencies": [
            "aws_instance.apiend_instance",
            "aws_security_group.private_subnet_1",
            "aws_subnet.dmz",
            "aws_subnet.private_subnet_1",
            "aws_vpc.main_vpc",
            "data.aws_ami.linux"
          ]
        }
      ]
    },
    {
      "mode": "managed",
      "type": "aws_route_table",
      "name": "privsub2_to_natgw",
      "provider": "provider[\"registry.terraform.io/hashicorp/aws\"]",
      "instances": [
        {
          "index_key": 0,
          "schema_version": 0,
          "attributes": {
            "id": "rtb-0af8e6730e0132133",
            "owner_id": "198226137196",
            "propagating_vgws": [],
            "route": [
              {
                "cidr_block": "0.0.0.0/0",
                "egress_only_gateway_id": "",
                "gateway_id": "",
                "instance_id": "",
                "ipv6_cidr_block": "",
                "local_gateway_id": "",
                "nat_gateway_id": "nat-01c45f9cee0bc5e19",
                "network_interface_id": "",
                "transit_gateway_id": "",
                "vpc_endpoint_id": "",
                "vpc_peering_connection_id": ""
              }
            ],
            "tags": {
              "Name": "route from Private_sub_2 to NAT - 0"
            },
            "vpc_id": "vpc-0f1546de80228c686"
          },
          "private": "bnVsbA==",
          "dependencies": [
            "aws_eip.nat_gate",
            "aws_internet_gateway.igw",
            "aws_nat_gateway.nat_gate",
            "aws_subnet.public_subnet",
            "aws_vpc.main_vpc"
          ]
        },
        {
          "index_key": 1,
          "schema_version": 0,
          "attributes": {
            "id": "rtb-08f1ae1bfd6f29dc7",
            "owner_id": "198226137196",
            "propagating_vgws": [],
            "route": [
              {
                "cidr_block": "0.0.0.0/0",
                "egress_only_gateway_id": "",
                "gateway_id": "",
                "instance_id": "",
                "ipv6_cidr_block": "",
                "local_gateway_id": "",
                "nat_gateway_id": "nat-04342ffb7455e8f43",
                "network_interface_id": "",
                "transit_gateway_id": "",
                "vpc_endpoint_id": "",
                "vpc_peering_connection_id": ""
              }
            ],
            "tags": {
              "Name": "route from Private_sub_2 to NAT - 1"
            },
            "vpc_id": "vpc-0f1546de80228c686"
          },
          "private": "bnVsbA==",
          "dependencies": [
            "aws_eip.nat_gate",
            "aws_internet_gateway.igw",
            "aws_nat_gateway.nat_gate",
            "aws_subnet.public_subnet",
            "aws_vpc.main_vpc"
          ]
        }
      ]
    },
    {
      "mode": "managed",
      "type": "aws_route_table",
      "name": "route_outside",
      "provider": "provider[\"registry.terraform.io/hashicorp/aws\"]",
      "instances": [
        {
          "schema_version": 0,
          "attributes": {
            "id": "rtb-0100b9f2aad8e6c77",
            "owner_id": "198226137196",
            "propagating_vgws": [],
            "route": [
              {
                "cidr_block": "0.0.0.0/0",
                "egress_only_gateway_id": "",
                "gateway_id": "igw-0018646ec7578e557",
                "instance_id": "",
                "ipv6_cidr_block": "",
                "local_gateway_id": "",
                "nat_gateway_id": "",
                "network_interface_id": "",
                "transit_gateway_id": "",
                "vpc_endpoint_id": "",
                "vpc_peering_connection_id": ""
              }
            ],
            "tags": {
              "Name": "route_table to 0.0.0.0/0 ips"
            },
            "vpc_id": "vpc-0f1546de80228c686"
          },
          "private": "bnVsbA==",
          "dependencies": [
            "aws_internet_gateway.igw",
            "aws_vpc.main_vpc"
          ]
        }
      ]
    },
    {
      "mode": "managed",
      "type": "aws_route_table_association",
      "name": "dmz_igw",
      "provider": "provider[\"registry.terraform.io/hashicorp/aws\"]",
      "instances": [
        {
          "index_key": 0,
          "schema_version": 0,
          "attributes": {
            "gateway_id": null,
            "id": "rtbassoc-0439504e25abc0e55",
            "route_table_id": "rtb-0100b9f2aad8e6c77",
            "subnet_id": "subnet-0dee29d96ca65261c"
          },
          "private": "bnVsbA==",
          "dependencies": [
            "aws_internet_gateway.igw",
            "aws_route_table.route_outside",
            "aws_subnet.dmz",
            "aws_vpc.main_vpc"
          ]
        },
        {
          "index_key": 1,
          "schema_version": 0,
          "attributes": {
            "gateway_id": null,
            "id": "rtbassoc-041282e37680c9241",
            "route_table_id": "rtb-0100b9f2aad8e6c77",
            "subnet_id": "subnet-056f9ca8dcb9007b7"
          },
          "private": "bnVsbA==",
          "dependencies": [
            "aws_internet_gateway.igw",
            "aws_route_table.route_outside",
            "aws_subnet.dmz",
            "aws_vpc.main_vpc"
          ]
        }
      ]
    },
    {
      "mode": "managed",
      "type": "aws_route_table_association",
      "name": "privatesub1_natgate",
      "provider": "provider[\"registry.terraform.io/hashicorp/aws\"]",
      "instances": [
        {
          "index_key": 0,
          "schema_version": 0,
          "attributes": {
            "gateway_id": null,
            "id": "rtbassoc-066c84210c027f8c0",
            "route_table_id": "rtb-0bc624771f8b839f2",
            "subnet_id": "subnet-08ede9d0c5b3bde72"
          },
          "private": "bnVsbA==",
          "dependencies": [
            "aws_eip.nat_gate",
            "aws_internet_gateway.igw",
            "aws_nat_gateway.nat_gate",
            "aws_route_table.privsub1_to_natgw",
            "aws_subnet.private_subnet_1",
            "aws_subnet.public_subnet",
            "aws_vpc.main_vpc"
          ]
        },
        {
          "index_key": 1,
          "schema_version": 0,
          "attributes": {
            "gateway_id": null,
            "id": "rtbassoc-021ede39497e940e1",
            "route_table_id": "rtb-08e279a36a402e2ed",
            "subnet_id": "subnet-08b5dd1e34beae261"
          },
          "private": "bnVsbA==",
          "dependencies": [
            "aws_eip.nat_gate",
            "aws_internet_gateway.igw",
            "aws_nat_gateway.nat_gate",
            "aws_route_table.privsub1_to_natgw",
            "aws_subnet.private_subnet_1",
            "aws_subnet.public_subnet",
            "aws_vpc.main_vpc"
          ]
        }
      ]
    },
    {
      "mode": "managed",
      "type": "aws_route_table_association",
      "name": "privatesub2_natgate",
      "provider": "provider[\"registry.terraform.io/hashicorp/aws\"]",
      "instances": [
        {
          "index_key": 0,
          "schema_version": 0,
          "attributes": {
            "gateway_id": null,
            "id": "rtbassoc-0d3406a86b3996bf7",
            "route_table_id": "rtb-0af8e6730e0132133",
            "subnet_id": "subnet-01060e999a4403534"
          },
          "private": "bnVsbA==",
          "dependencies": [
            "aws_eip.nat_gate",
            "aws_internet_gateway.igw",
            "aws_nat_gateway.nat_gate",
            "aws_route_table.privsub2_to_natgw",
            "aws_subnet.private_subnet_2",
            "aws_subnet.public_subnet",
            "aws_vpc.main_vpc"
          ]
        },
        {
          "index_key": 1,
          "schema_version": 0,
          "attributes": {
            "gateway_id": null,
            "id": "rtbassoc-09769c5fd20b40efb",
            "route_table_id": "rtb-08f1ae1bfd6f29dc7",
            "subnet_id": "subnet-0f5b23ca9a3ade5dc"
          },
          "private": "bnVsbA==",
          "dependencies": [
            "aws_eip.nat_gate",
            "aws_internet_gateway.igw",
            "aws_nat_gateway.nat_gate",
            "aws_route_table.privsub2_to_natgw",
            "aws_subnet.private_subnet_2",
            "aws_subnet.public_subnet",
            "aws_vpc.main_vpc"
          ]
        }
      ]
    },
    {
      "mode": "managed",
      "type": "aws_route_table_association",
      "name": "publicsub_igw",
      "provider": "provider[\"registry.terraform.io/hashicorp/aws\"]",
      "instances": [
        {
          "index_key": 0,
          "schema_version": 0,
          "attributes": {
            "gateway_id": null,
            "id": "rtbassoc-0a7ee144fc9cbd2c9",
            "route_table_id": "rtb-0100b9f2aad8e6c77",
            "subnet_id": "subnet-0aa75aa8360ef59d9"
          },
          "private": "bnVsbA==",
          "dependencies": [
            "aws_internet_gateway.igw",
            "aws_route_table.route_outside",
            "aws_subnet.public_subnet",
            "aws_vpc.main_vpc"
          ]
        },
        {
          "index_key": 1,
          "schema_version": 0,
          "attributes": {
            "gateway_id": null,
            "id": "rtbassoc-0ef6422cbc396a730",
            "route_table_id": "rtb-0100b9f2aad8e6c77",
            "subnet_id": "subnet-0dfaeca3e37f545a9"
          },
          "private": "bnVsbA==",
          "dependencies": [
            "aws_internet_gateway.igw",
            "aws_route_table.route_outside",
            "aws_subnet.public_subnet",
            "aws_vpc.main_vpc"
          ]
        }
      ]
    },
    {
      "mode": "managed",
      "type": "aws_security_group",
      "name": "bastion_sg",
      "provider": "provider[\"registry.terraform.io/hashicorp/aws\"]",
      "instances": [
        {
          "schema_version": 1,
          "attributes": {
            "arn": "arn:aws:ec2:us-east-2:198226137196:security-group/sg-0b373cc923ef2c381",
            "description": "Rules on what to allow in or out",
            "egress": [
              {
                "cidr_blocks": [
                  "0.0.0.0/0",
                  "10.0.21.0/24",
                  "10.0.22.0/24",
                  "10.0.2.0/24",
                  "10.0.4.0/24",
                  "10.0.3.0/24",
                  "10.0.5.0/24",
                  "10.0.7.0/24",
                  "10.0.9.0/24"
                ],
                "description": "PING",
                "from_port": -1,
                "ipv6_cidr_blocks": [],
                "prefix_list_ids": [],
                "protocol": "icmp",
                "security_groups": [],
                "self": false,
                "to_port": -1
              },
              {
                "cidr_blocks": [
                  "0.0.0.0/0",
                  "10.0.21.0/24",
                  "10.0.22.0/24",
                  "10.0.2.0/24",
                  "10.0.4.0/24",
                  "10.0.3.0/24",
                  "10.0.5.0/24",
                  "10.0.7.0/24",
                  "10.0.9.0/24"
                ],
                "description": "SSH",
                "from_port": 22,
                "ipv6_cidr_blocks": [],
                "prefix_list_ids": [],
                "protocol": "tcp",
                "security_groups": [],
                "self": false,
                "to_port": 22
              },
              {
                "cidr_blocks": [
                  "0.0.0.0/0"
                ],
                "description": "",
                "from_port": 0,
                "ipv6_cidr_blocks": [],
                "prefix_list_ids": [],
                "protocol": "-1",
                "security_groups": [],
                "self": false,
                "to_port": 0
              },
              {
                "cidr_blocks": [
                  "0.0.0.0/0"
                ],
                "description": "HTTP",
                "from_port": 433,
                "ipv6_cidr_blocks": [],
                "prefix_list_ids": [],
                "protocol": "tcp",
                "security_groups": [],
                "self": false,
                "to_port": 433
              },
              {
                "cidr_blocks": [
                  "0.0.0.0/0"
                ],
                "description": "HTTP",
                "from_port": 80,
                "ipv6_cidr_blocks": [],
                "prefix_list_ids": [],
                "protocol": "tcp",
                "security_groups": [],
                "self": false,
                "to_port": 80
              }
            ],
            "id": "sg-0b373cc923ef2c381",
            "ingress": [
              {
                "cidr_blocks": [
                  "0.0.0.0/0",
                  "10.0.21.0/24",
                  "10.0.22.0/24",
                  "10.0.2.0/24",
                  "10.0.4.0/24",
                  "10.0.3.0/24",
                  "10.0.5.0/24",
                  "10.0.7.0/24",
                  "10.0.9.0/24"
                ],
                "description": "PING",
                "from_port": -1,
                "ipv6_cidr_blocks": [],
                "prefix_list_ids": [],
                "protocol": "icmp",
                "security_groups": [],
                "self": false,
                "to_port": -1
              },
              {
                "cidr_blocks": [
                  "0.0.0.0/0",
                  "10.0.21.0/24",
                  "10.0.22.0/24",
                  "10.0.2.0/24",
                  "10.0.4.0/24",
                  "10.0.3.0/24",
                  "10.0.5.0/24",
                  "10.0.7.0/24",
                  "10.0.9.0/24"
                ],
                "description": "SSH",
                "from_port": 22,
                "ipv6_cidr_blocks": [],
                "prefix_list_ids": [],
                "protocol": "tcp",
                "security_groups": [],
                "self": false,
                "to_port": 22
              },
              {
                "cidr_blocks": [
                  "0.0.0.0/0"
                ],
                "description": "HTTP",
                "from_port": 433,
                "ipv6_cidr_blocks": [],
                "prefix_list_ids": [],
                "protocol": "tcp",
                "security_groups": [],
                "self": false,
                "to_port": 433
              },
              {
                "cidr_blocks": [
                  "0.0.0.0/0"
                ],
                "description": "HTTP",
                "from_port": 80,
                "ipv6_cidr_blocks": [],
                "prefix_list_ids": [],
                "protocol": "tcp",
                "security_groups": [],
                "self": false,
                "to_port": 80
              }
            ],
            "name": "Security group instances ifor bastion",
            "name_prefix": "",
            "owner_id": "198226137196",
            "revoke_rules_on_delete": false,
            "tags": null,
            "timeouts": null,
            "vpc_id": "vpc-0f1546de80228c686"
          },
          "private": "eyJlMmJmYjczMC1lY2FhLTExZTYtOGY4OC0zNDM2M2JjN2M0YzAiOnsiY3JlYXRlIjo2MDAwMDAwMDAwMDAsImRlbGV0ZSI6NjAwMDAwMDAwMDAwfSwic2NoZW1hX3ZlcnNpb24iOiIxIn0=",
          "dependencies": [
            "aws_vpc.main_vpc"
          ]
        }
      ]
    },
    {
      "mode": "managed",
      "type": "aws_security_group",
      "name": "load_balancer",
      "provider": "provider[\"registry.terraform.io/hashicorp/aws\"]",
      "instances": [
        {
          "schema_version": 1,
          "attributes": {
            "arn": "arn:aws:ec2:us-east-2:198226137196:security-group/sg-0557ace817c28fe8b",
            "description": "Rules on what to allow in or out",
            "egress": [
              {
                "cidr_blocks": [
                  "0.0.0.0/0"
                ],
                "description": "HTTP",
                "from_port": 80,
                "ipv6_cidr_blocks": [],
                "prefix_list_ids": [],
                "protocol": "tcp",
                "security_groups": [],
                "self": false,
                "to_port": 80
              },
              {
                "cidr_blocks": [
                  "0.0.0.0/0"
                ],
                "description": "https",
                "from_port": 433,
                "ipv6_cidr_blocks": [],
                "prefix_list_ids": [],
                "protocol": "tcp",
                "security_groups": [],
                "self": false,
                "to_port": 433
              },
              {
                "cidr_blocks": [
                  "10.0.21.0/24",
                  "10.0.22.0/24"
                ],
                "description": "PING",
                "from_port": -1,
                "ipv6_cidr_blocks": [],
                "prefix_list_ids": [],
                "protocol": "icmp",
                "security_groups": [],
                "self": false,
                "to_port": -1
              }
            ],
            "id": "sg-0557ace817c28fe8b",
            "ingress": [
              {
                "cidr_blocks": [
                  "0.0.0.0/0"
                ],
                "description": "HTTP",
                "from_port": 80,
                "ipv6_cidr_blocks": [],
                "prefix_list_ids": [],
                "protocol": "tcp",
                "security_groups": [],
                "self": false,
                "to_port": 80
              },
              {
                "cidr_blocks": [
                  "0.0.0.0/0"
                ],
                "description": "https",
                "from_port": 433,
                "ipv6_cidr_blocks": [],
                "prefix_list_ids": [],
                "protocol": "tcp",
                "security_groups": [],
                "self": false,
                "to_port": 433
              },
              {
                "cidr_blocks": [
                  "10.0.21.0/24",
                  "10.0.22.0/24"
                ],
                "description": "PING",
                "from_port": -1,
                "ipv6_cidr_blocks": [],
                "prefix_list_ids": [],
                "protocol": "icmp",
                "security_groups": [],
                "self": false,
                "to_port": -1
              }
            ],
            "name": "Security group for the Load Balancer",
            "name_prefix": "",
            "owner_id": "198226137196",
            "revoke_rules_on_delete": false,
            "tags": null,
            "timeouts": null,
            "vpc_id": "vpc-0f1546de80228c686"
          },
          "private": "eyJlMmJmYjczMC1lY2FhLTExZTYtOGY4OC0zNDM2M2JjN2M0YzAiOnsiY3JlYXRlIjo2MDAwMDAwMDAwMDAsImRlbGV0ZSI6NjAwMDAwMDAwMDAwfSwic2NoZW1hX3ZlcnNpb24iOiIxIn0=",
          "dependencies": [
            "aws_vpc.main_vpc"
          ],
          "create_before_destroy": true
        }
      ]
    },
    {
      "mode": "managed",
      "type": "aws_security_group",
      "name": "private_subnet_1",
      "provider": "provider[\"registry.terraform.io/hashicorp/aws\"]",
      "instances": [
        {
          "schema_version": 1,
          "attributes": {
            "arn": "arn:aws:ec2:us-east-2:198226137196:security-group/sg-0aa4855fedf640b3a",
            "description": "Rules on what to allow in or out",
            "egress": [
              {
                "cidr_blocks": [
                  "10.0.2.0/24",
                  "10.0.4.0/24"
                ],
                "description": "Communication to openapi page",
                "from_port": 8000,
                "ipv6_cidr_blocks": [],
                "prefix_list_ids": [],
                "protocol": "tcp",
                "security_groups": [],
                "self": false,
                "to_port": 8000
              },
              {
                "cidr_blocks": [
                  "10.0.21.0/24",
                  "10.0.22.0/24"
                ],
                "description": "PING",
                "from_port": -1,
                "ipv6_cidr_blocks": [],
                "prefix_list_ids": [],
                "protocol": "icmp",
                "security_groups": [],
                "self": false,
                "to_port": -1
              },
              {
                "cidr_blocks": [
                  "10.0.21.0/24",
                  "10.0.22.0/24"
                ],
                "description": "SSH",
                "from_port": 22,
                "ipv6_cidr_blocks": [],
                "prefix_list_ids": [],
                "protocol": "tcp",
                "security_groups": [],
                "self": false,
                "to_port": 22
              },
              {
                "cidr_blocks": [
                  "10.0.7.0/24",
                  "10.0.9.0/24"
                ],
                "description": "Communication to DB",
                "from_port": 5432,
                "ipv6_cidr_blocks": [],
                "prefix_list_ids": [],
                "protocol": "tcp",
                "security_groups": [],
                "self": false,
                "to_port": 5432
              }
            ],
            "id": "sg-0aa4855fedf640b3a",
            "ingress": [
              {
                "cidr_blocks": [
                  "10.0.2.0/24",
                  "10.0.4.0/24"
                ],
                "description": "Communication to openapi page",
                "from_port": 8000,
                "ipv6_cidr_blocks": [],
                "prefix_list_ids": [],
                "protocol": "tcp",
                "security_groups": [],
                "self": false,
                "to_port": 8000
              },
              {
                "cidr_blocks": [
                  "10.0.21.0/24",
                  "10.0.22.0/24"
                ],
                "description": "PING",
                "from_port": -1,
                "ipv6_cidr_blocks": [],
                "prefix_list_ids": [],
                "protocol": "icmp",
                "security_groups": [],
                "self": false,
                "to_port": -1
              },
              {
                "cidr_blocks": [
                  "10.0.21.0/24",
                  "10.0.22.0/24"
                ],
                "description": "SSH",
                "from_port": 22,
                "ipv6_cidr_blocks": [],
                "prefix_list_ids": [],
                "protocol": "tcp",
                "security_groups": [],
                "self": false,
                "to_port": 22
              },
              {
                "cidr_blocks": [
                  "10.0.7.0/24",
                  "10.0.9.0/24"
                ],
                "description": "Communication to DB",
                "from_port": 5432,
                "ipv6_cidr_blocks": [],
                "prefix_list_ids": [],
                "protocol": "tcp",
                "security_groups": [],
                "self": false,
                "to_port": 5432
              }
            ],
            "name": "Security group instances in the private subnet 1",
            "name_prefix": "",
            "owner_id": "198226137196",
            "revoke_rules_on_delete": false,
            "tags": null,
            "timeouts": null,
            "vpc_id": "vpc-0f1546de80228c686"
          },
          "private": "eyJlMmJmYjczMC1lY2FhLTExZTYtOGY4OC0zNDM2M2JjN2M0YzAiOnsiY3JlYXRlIjo2MDAwMDAwMDAwMDAsImRlbGV0ZSI6NjAwMDAwMDAwMDAwfSwic2NoZW1hX3ZlcnNpb24iOiIxIn0=",
          "dependencies": [
            "aws_vpc.main_vpc"
          ]
        }
      ]
    },
    {
      "mode": "managed",
      "type": "aws_security_group",
      "name": "private_subnet_2",
      "provider": "provider[\"registry.terraform.io/hashicorp/aws\"]",
      "instances": [
        {
          "schema_version": 1,
          "attributes": {
            "arn": "arn:aws:ec2:us-east-2:198226137196:security-group/sg-03185033667d11634",
            "description": "Rules on what to allow in or out",
            "egress": [
              {
                "cidr_blocks": [
                  "10.0.21.0/24",
                  "10.0.22.0/24"
                ],
                "description": "PING",
                "from_port": -1,
                "ipv6_cidr_blocks": [],
                "prefix_list_ids": [],
                "protocol": "icmp",
                "security_groups": [],
                "self": false,
                "to_port": -1
              },
              {
                "cidr_blocks": [
                  "10.0.21.0/24",
                  "10.0.22.0/24"
                ],
                "description": "SSH",
                "from_port": 22,
                "ipv6_cidr_blocks": [],
                "prefix_list_ids": [],
                "protocol": "tcp",
                "security_groups": [],
                "self": false,
                "to_port": 22
              },
              {
                "cidr_blocks": [
                  "10.0.3.0/24",
                  "10.0.5.0/24"
                ],
                "description": "Communication to DB",
                "from_port": 5432,
                "ipv6_cidr_blocks": [],
                "prefix_list_ids": [],
                "protocol": "tcp",
                "security_groups": [],
                "self": false,
                "to_port": 5432
              }
            ],
            "id": "sg-03185033667d11634",
            "ingress": [
              {
                "cidr_blocks": [
                  "10.0.21.0/24",
                  "10.0.22.0/24"
                ],
                "description": "Communication to openapi page",
                "from_port": 8000,
                "ipv6_cidr_blocks": [],
                "prefix_list_ids": [],
                "protocol": "tcp",
                "security_groups": [],
                "self": false,
                "to_port": 8000
              },
              {
                "cidr_blocks": [
                  "10.0.21.0/24",
                  "10.0.22.0/24"
                ],
                "description": "PING",
                "from_port": -1,
                "ipv6_cidr_blocks": [],
                "prefix_list_ids": [],
                "protocol": "icmp",
                "security_groups": [],
                "self": false,
                "to_port": -1
              },
              {
                "cidr_blocks": [
                  "10.0.21.0/24",
                  "10.0.22.0/24"
                ],
                "description": "SSH",
                "from_port": 22,
                "ipv6_cidr_blocks": [],
                "prefix_list_ids": [],
                "protocol": "tcp",
                "security_groups": [],
                "self": false,
                "to_port": 22
              },
              {
                "cidr_blocks": [
                  "10.0.3.0/24",
                  "10.0.5.0/24"
                ],
                "description": "Communication to DB",
                "from_port": 5432,
                "ipv6_cidr_blocks": [],
                "prefix_list_ids": [],
                "protocol": "tcp",
                "security_groups": [],
                "self": false,
                "to_port": 5432
              }
            ],
            "name": "Security group instances in the private subnet 2",
            "name_prefix": "",
            "owner_id": "198226137196",
            "revoke_rules_on_delete": false,
            "tags": null,
            "timeouts": null,
            "vpc_id": "vpc-0f1546de80228c686"
          },
          "private": "eyJlMmJmYjczMC1lY2FhLTExZTYtOGY4OC0zNDM2M2JjN2M0YzAiOnsiY3JlYXRlIjo2MDAwMDAwMDAwMDAsImRlbGV0ZSI6NjAwMDAwMDAwMDAwfSwic2NoZW1hX3ZlcnNpb24iOiIxIn0=",
          "dependencies": [
            "aws_vpc.main_vpc"
          ]
        }
      ]
    },
    {
      "mode": "managed",
      "type": "aws_security_group",
      "name": "web_app",
      "provider": "provider[\"registry.terraform.io/hashicorp/aws\"]",
      "instances": [
        {
          "schema_version": 1,
          "attributes": {
            "arn": "arn:aws:ec2:us-east-2:198226137196:security-group/sg-0a33b9b9dffbc16a0",
            "description": "Rules on what to allow in or out",
            "egress": [
              {
                "cidr_blocks": [
                  "0.0.0.0/0"
                ],
                "description": "HTTP",
                "from_port": 80,
                "ipv6_cidr_blocks": [],
                "prefix_list_ids": [],
                "protocol": "tcp",
                "security_groups": [],
                "self": false,
                "to_port": 80
              },
              {
                "cidr_blocks": [
                  "0.0.0.0/0"
                ],
                "description": "HTTPS",
                "from_port": 433,
                "ipv6_cidr_blocks": [],
                "prefix_list_ids": [],
                "protocol": "tcp",
                "security_groups": [],
                "self": false,
                "to_port": 433
              },
              {
                "cidr_blocks": [
                  "10.0.21.0/24",
                  "10.0.22.0/24"
                ],
                "description": "PING",
                "from_port": -1,
                "ipv6_cidr_blocks": [],
                "prefix_list_ids": [],
                "protocol": "icmp",
                "security_groups": [],
                "self": false,
                "to_port": -1
              },
              {
                "cidr_blocks": [
                  "10.0.21.0/24",
                  "10.0.22.0/24"
                ],
                "description": "SSH",
                "from_port": 22,
                "ipv6_cidr_blocks": [],
                "prefix_list_ids": [],
                "protocol": "tcp",
                "security_groups": [],
                "self": false,
                "to_port": 22
              }
            ],
            "id": "sg-0a33b9b9dffbc16a0",
            "ingress": [
              {
                "cidr_blocks": [
                  "0.0.0.0/0"
                ],
                "description": "HTTP",
                "from_port": 80,
                "ipv6_cidr_blocks": [],
                "prefix_list_ids": [],
                "protocol": "tcp",
                "security_groups": [],
                "self": false,
                "to_port": 80
              },
              {
                "cidr_blocks": [
                  "0.0.0.0/0"
                ],
                "description": "https",
                "from_port": 433,
                "ipv6_cidr_blocks": [],
                "prefix_list_ids": [],
                "protocol": "tcp",
                "security_groups": [],
                "self": false,
                "to_port": 433
              },
              {
                "cidr_blocks": [
                  "10.0.21.0/24",
                  "10.0.22.0/24"
                ],
                "description": "PING",
                "from_port": -1,
                "ipv6_cidr_blocks": [],
                "prefix_list_ids": [],
                "protocol": "icmp",
                "security_groups": [],
                "self": false,
                "to_port": -1
              },
              {
                "cidr_blocks": [
                  "10.0.21.0/24",
                  "10.0.22.0/24"
                ],
                "description": "SSH",
                "from_port": 22,
                "ipv6_cidr_blocks": [],
                "prefix_list_ids": [],
                "protocol": "tcp",
                "security_groups": [],
                "self": false,
                "to_port": 22
              }
            ],
            "name": "Security group for the web_app",
            "name_prefix": "",
            "owner_id": "198226137196",
            "revoke_rules_on_delete": false,
            "tags": null,
            "timeouts": null,
            "vpc_id": "vpc-0f1546de80228c686"
          },
          "private": "eyJlMmJmYjczMC1lY2FhLTExZTYtOGY4OC0zNDM2M2JjN2M0YzAiOnsiY3JlYXRlIjo2MDAwMDAwMDAwMDAsImRlbGV0ZSI6NjAwMDAwMDAwMDAwfSwic2NoZW1hX3ZlcnNpb24iOiIxIn0=",
          "dependencies": [
            "aws_vpc.main_vpc"
          ],
          "create_before_destroy": true
        }
      ]
    },
    {
      "mode": "managed",
      "type": "aws_subnet",
      "name": "dmz",
      "provider": "provider[\"registry.terraform.io/hashicorp/aws\"]",
      "instances": [
        {
          "index_key": 0,
          "schema_version": 1,
          "attributes": {
            "arn": "arn:aws:ec2:us-east-2:198226137196:subnet/subnet-0dee29d96ca65261c",
            "assign_ipv6_address_on_creation": false,
            "availability_zone": "us-east-2a",
            "availability_zone_id": "use2-az1",
            "cidr_block": "10.0.21.0/24",
            "customer_owned_ipv4_pool": "",
            "id": "subnet-0dee29d96ca65261c",
            "ipv6_cidr_block": "",
            "ipv6_cidr_block_association_id": "",
            "map_customer_owned_ip_on_launch": false,
            "map_public_ip_on_launch": true,
            "outpost_arn": "",
            "owner_id": "198226137196",
            "tags": {
              "Name": "DEV-DMZ-subnet"
            },
            "tags_all": {
              "Name": "DEV-DMZ-subnet"
            },
            "timeouts": null,
            "vpc_id": "vpc-0f1546de80228c686"
          },
          "private": "eyJlMmJmYjczMC1lY2FhLTExZTYtOGY4OC0zNDM2M2JjN2M0YzAiOnsiY3JlYXRlIjo2MDAwMDAwMDAwMDAsImRlbGV0ZSI6MTIwMDAwMDAwMDAwMH0sInNjaGVtYV92ZXJzaW9uIjoiMSJ9",
          "dependencies": [
            "aws_vpc.main_vpc"
          ]
        },
        {
          "index_key": 1,
          "schema_version": 1,
          "attributes": {
            "arn": "arn:aws:ec2:us-east-2:198226137196:subnet/subnet-056f9ca8dcb9007b7",
            "assign_ipv6_address_on_creation": false,
            "availability_zone": "us-east-2b",
            "availability_zone_id": "use2-az2",
            "cidr_block": "10.0.22.0/24",
            "customer_owned_ipv4_pool": "",
            "id": "subnet-056f9ca8dcb9007b7",
            "ipv6_cidr_block": "",
            "ipv6_cidr_block_association_id": "",
            "map_customer_owned_ip_on_launch": false,
            "map_public_ip_on_launch": true,
            "outpost_arn": "",
            "owner_id": "198226137196",
            "tags": {
              "Name": "DEV-DMZ-subnet"
            },
            "tags_all": {
              "Name": "DEV-DMZ-subnet"
            },
            "timeouts": null,
            "vpc_id": "vpc-0f1546de80228c686"
          },
          "private": "eyJlMmJmYjczMC1lY2FhLTExZTYtOGY4OC0zNDM2M2JjN2M0YzAiOnsiY3JlYXRlIjo2MDAwMDAwMDAwMDAsImRlbGV0ZSI6MTIwMDAwMDAwMDAwMH0sInNjaGVtYV92ZXJzaW9uIjoiMSJ9",
          "dependencies": [
            "aws_vpc.main_vpc"
          ]
        }
      ]
    },
    {
      "mode": "managed",
      "type": "aws_subnet",
      "name": "private_subnet_1",
      "provider": "provider[\"registry.terraform.io/hashicorp/aws\"]",
      "instances": [
        {
          "index_key": 0,
          "schema_version": 1,
          "attributes": {
            "arn": "arn:aws:ec2:us-east-2:198226137196:subnet/subnet-08ede9d0c5b3bde72",
            "assign_ipv6_address_on_creation": false,
            "availability_zone": "us-east-2a",
            "availability_zone_id": "use2-az1",
            "cidr_block": "10.0.3.0/24",
            "customer_owned_ipv4_pool": "",
            "id": "subnet-08ede9d0c5b3bde72",
            "ipv6_cidr_block": "",
            "ipv6_cidr_block_association_id": "",
            "map_customer_owned_ip_on_launch": false,
            "map_public_ip_on_launch": false,
            "outpost_arn": "",
            "owner_id": "198226137196",
            "tags": {
              "Name": "DEV-Private-Subnet-1"
            },
            "tags_all": {
              "Name": "DEV-Private-Subnet-1"
            },
            "timeouts": null,
            "vpc_id": "vpc-0f1546de80228c686"
          },
          "private": "eyJlMmJmYjczMC1lY2FhLTExZTYtOGY4OC0zNDM2M2JjN2M0YzAiOnsiY3JlYXRlIjo2MDAwMDAwMDAwMDAsImRlbGV0ZSI6MTIwMDAwMDAwMDAwMH0sInNjaGVtYV92ZXJzaW9uIjoiMSJ9",
          "dependencies": [
            "aws_vpc.main_vpc"
          ]
        },
        {
          "index_key": 1,
          "schema_version": 1,
          "attributes": {
            "arn": "arn:aws:ec2:us-east-2:198226137196:subnet/subnet-08b5dd1e34beae261",
            "assign_ipv6_address_on_creation": false,
            "availability_zone": "us-east-2b",
            "availability_zone_id": "use2-az2",
            "cidr_block": "10.0.5.0/24",
            "customer_owned_ipv4_pool": "",
            "id": "subnet-08b5dd1e34beae261",
            "ipv6_cidr_block": "",
            "ipv6_cidr_block_association_id": "",
            "map_customer_owned_ip_on_launch": false,
            "map_public_ip_on_launch": false,
            "outpost_arn": "",
            "owner_id": "198226137196",
            "tags": {
              "Name": "DEV-Private-Subnet-1"
            },
            "tags_all": {
              "Name": "DEV-Private-Subnet-1"
            },
            "timeouts": null,
            "vpc_id": "vpc-0f1546de80228c686"
          },
          "private": "eyJlMmJmYjczMC1lY2FhLTExZTYtOGY4OC0zNDM2M2JjN2M0YzAiOnsiY3JlYXRlIjo2MDAwMDAwMDAwMDAsImRlbGV0ZSI6MTIwMDAwMDAwMDAwMH0sInNjaGVtYV92ZXJzaW9uIjoiMSJ9",
          "dependencies": [
            "aws_vpc.main_vpc"
          ]
        }
      ]
    },
    {
      "mode": "managed",
      "type": "aws_subnet",
      "name": "private_subnet_2",
      "provider": "provider[\"registry.terraform.io/hashicorp/aws\"]",
      "instances": [
        {
          "index_key": 0,
          "schema_version": 1,
          "attributes": {
            "arn": "arn:aws:ec2:us-east-2:198226137196:subnet/subnet-01060e999a4403534",
            "assign_ipv6_address_on_creation": false,
            "availability_zone": "us-east-2a",
            "availability_zone_id": "use2-az1",
            "cidr_block": "10.0.7.0/24",
            "customer_owned_ipv4_pool": "",
            "id": "subnet-01060e999a4403534",
            "ipv6_cidr_block": "",
            "ipv6_cidr_block_association_id": "",
            "map_customer_owned_ip_on_launch": false,
            "map_public_ip_on_launch": false,
            "outpost_arn": "",
            "owner_id": "198226137196",
            "tags": {
              "Name": "DEV-Private-Subnet-2"
            },
            "tags_all": {
              "Name": "DEV-Private-Subnet-2"
            },
            "timeouts": null,
            "vpc_id": "vpc-0f1546de80228c686"
          },
          "private": "eyJlMmJmYjczMC1lY2FhLTExZTYtOGY4OC0zNDM2M2JjN2M0YzAiOnsiY3JlYXRlIjo2MDAwMDAwMDAwMDAsImRlbGV0ZSI6MTIwMDAwMDAwMDAwMH0sInNjaGVtYV92ZXJzaW9uIjoiMSJ9",
          "dependencies": [
            "aws_vpc.main_vpc"
          ]
        },
        {
          "index_key": 1,
          "schema_version": 1,
          "attributes": {
            "arn": "arn:aws:ec2:us-east-2:198226137196:subnet/subnet-0f5b23ca9a3ade5dc",
            "assign_ipv6_address_on_creation": false,
            "availability_zone": "us-east-2b",
            "availability_zone_id": "use2-az2",
            "cidr_block": "10.0.9.0/24",
            "customer_owned_ipv4_pool": "",
            "id": "subnet-0f5b23ca9a3ade5dc",
            "ipv6_cidr_block": "",
            "ipv6_cidr_block_association_id": "",
            "map_customer_owned_ip_on_launch": false,
            "map_public_ip_on_launch": false,
            "outpost_arn": "",
            "owner_id": "198226137196",
            "tags": {
              "Name": "DEV-Private-Subnet-2"
            },
            "tags_all": {
              "Name": "DEV-Private-Subnet-2"
            },
            "timeouts": null,
            "vpc_id": "vpc-0f1546de80228c686"
          },
          "private": "eyJlMmJmYjczMC1lY2FhLTExZTYtOGY4OC0zNDM2M2JjN2M0YzAiOnsiY3JlYXRlIjo2MDAwMDAwMDAwMDAsImRlbGV0ZSI6MTIwMDAwMDAwMDAwMH0sInNjaGVtYV92ZXJzaW9uIjoiMSJ9",
          "dependencies": [
            "aws_vpc.main_vpc"
          ]
        }
      ]
    },
    {
      "mode": "managed",
      "type": "aws_subnet",
      "name": "public_subnet",
      "provider": "provider[\"registry.terraform.io/hashicorp/aws\"]",
      "instances": [
        {
          "index_key": 0,
          "schema_version": 1,
          "attributes": {
            "arn": "arn:aws:ec2:us-east-2:198226137196:subnet/subnet-0aa75aa8360ef59d9",
            "assign_ipv6_address_on_creation": false,
            "availability_zone": "us-east-2a",
            "availability_zone_id": "use2-az1",
            "cidr_block": "10.0.2.0/24",
            "customer_owned_ipv4_pool": "",
            "id": "subnet-0aa75aa8360ef59d9",
            "ipv6_cidr_block": "",
            "ipv6_cidr_block_association_id": "",
            "map_customer_owned_ip_on_launch": false,
            "map_public_ip_on_launch": true,
            "outpost_arn": "",
            "owner_id": "198226137196",
            "tags": {
              "Name": "DEV-Public-Subnet"
            },
            "tags_all": {
              "Name": "DEV-Public-Subnet"
            },
            "timeouts": null,
            "vpc_id": "vpc-0f1546de80228c686"
          },
          "private": "eyJlMmJmYjczMC1lY2FhLTExZTYtOGY4OC0zNDM2M2JjN2M0YzAiOnsiY3JlYXRlIjo2MDAwMDAwMDAwMDAsImRlbGV0ZSI6MTIwMDAwMDAwMDAwMH0sInNjaGVtYV92ZXJzaW9uIjoiMSJ9",
          "dependencies": [
            "aws_vpc.main_vpc"
          ],
          "create_before_destroy": true
        },
        {
          "index_key": 1,
          "schema_version": 1,
          "attributes": {
            "arn": "arn:aws:ec2:us-east-2:198226137196:subnet/subnet-0dfaeca3e37f545a9",
            "assign_ipv6_address_on_creation": false,
            "availability_zone": "us-east-2b",
            "availability_zone_id": "use2-az2",
            "cidr_block": "10.0.4.0/24",
            "customer_owned_ipv4_pool": "",
            "id": "subnet-0dfaeca3e37f545a9",
            "ipv6_cidr_block": "",
            "ipv6_cidr_block_association_id": "",
            "map_customer_owned_ip_on_launch": false,
            "map_public_ip_on_launch": true,
            "outpost_arn": "",
            "owner_id": "198226137196",
            "tags": {
              "Name": "DEV-Public-Subnet"
            },
            "tags_all": {
              "Name": "DEV-Public-Subnet"
            },
            "timeouts": null,
            "vpc_id": "vpc-0f1546de80228c686"
          },
          "private": "eyJlMmJmYjczMC1lY2FhLTExZTYtOGY4OC0zNDM2M2JjN2M0YzAiOnsiY3JlYXRlIjo2MDAwMDAwMDAwMDAsImRlbGV0ZSI6MTIwMDAwMDAwMDAwMH0sInNjaGVtYV92ZXJzaW9uIjoiMSJ9",
          "dependencies": [
            "aws_vpc.main_vpc"
          ],
          "create_before_destroy": true
        }
      ]
    },
    {
      "mode": "managed",
      "type": "aws_vpc",
      "name": "main_vpc",
      "provider": "provider[\"registry.terraform.io/hashicorp/aws\"]",
      "instances": [
        {
          "schema_version": 1,
          "attributes": {
            "arn": "arn:aws:ec2:us-east-2:198226137196:vpc/vpc-0f1546de80228c686",
            "assign_generated_ipv6_cidr_block": false,
            "cidr_block": "10.0.0.0/16",
            "default_network_acl_id": "acl-078a1856a0f265fc3",
            "default_route_table_id": "rtb-025b14bdc775df783",
            "default_security_group_id": "sg-0b0cf8de709209b9e",
            "dhcp_options_id": "dopt-e771eb8c",
            "enable_classiclink": null,
            "enable_classiclink_dns_support": null,
            "enable_dns_hostnames": true,
            "enable_dns_support": true,
            "id": "vpc-0f1546de80228c686",
            "instance_tenancy": "default",
            "ipv6_association_id": "",
            "ipv6_cidr_block": "",
            "main_route_table_id": "rtb-025b14bdc775df783",
            "owner_id": "198226137196",
            "tags": {
              "Name": "dev.instance"
            },
            "tags_all": {
              "Name": "dev.instance"
            }
          },
          "private": "eyJzY2hlbWFfdmVyc2lvbiI6IjEifQ==",
          "create_before_destroy": true
        }
      ]
    }
  ]
}
